{
    "_readme": [
        "This file locks the dependencies of your project to a known state",
        "Read more about it at https://getcomposer.org/doc/01-basic-usage.md#composer-lock-the-lock-file",
        "This file is @generated automatically"
    ],
    "hash": "184f73217d4d2d81fcb2347f9d9b0a29",
    "packages": [
        {
            "name": "guzzle/guzzle",
            "version": "v3.9.3",
            "source": {
                "type": "git",
                "url": "https://github.com/guzzle/guzzle3.git",
                "reference": "0645b70d953bc1c067bbc8d5bc53194706b628d9"
            },
            "dist": {
                "type": "zip",
                "url": "https://api.github.com/repos/guzzle/guzzle3/zipball/0645b70d953bc1c067bbc8d5bc53194706b628d9",
                "reference": "0645b70d953bc1c067bbc8d5bc53194706b628d9",
                "shasum": ""
            },
            "require": {
                "ext-curl": "*",
                "php": ">=5.3.3",
                "symfony/event-dispatcher": "~2.1"
            },
            "replace": {
                "guzzle/batch": "self.version",
                "guzzle/cache": "self.version",
                "guzzle/common": "self.version",
                "guzzle/http": "self.version",
                "guzzle/inflection": "self.version",
                "guzzle/iterator": "self.version",
                "guzzle/log": "self.version",
                "guzzle/parser": "self.version",
                "guzzle/plugin": "self.version",
                "guzzle/plugin-async": "self.version",
                "guzzle/plugin-backoff": "self.version",
                "guzzle/plugin-cache": "self.version",
                "guzzle/plugin-cookie": "self.version",
                "guzzle/plugin-curlauth": "self.version",
                "guzzle/plugin-error-response": "self.version",
                "guzzle/plugin-history": "self.version",
                "guzzle/plugin-log": "self.version",
                "guzzle/plugin-md5": "self.version",
                "guzzle/plugin-mock": "self.version",
                "guzzle/plugin-oauth": "self.version",
                "guzzle/service": "self.version",
                "guzzle/stream": "self.version"
            },
            "require-dev": {
                "doctrine/cache": "~1.3",
                "monolog/monolog": "~1.0",
                "phpunit/phpunit": "3.7.*",
                "psr/log": "~1.0",
                "symfony/class-loader": "~2.1",
                "zendframework/zend-cache": "2.*,<2.3",
                "zendframework/zend-log": "2.*,<2.3"
            },
            "suggest": {
                "guzzlehttp/guzzle": "Guzzle 5 has moved to a new package name. The package you have installed, Guzzle 3, is deprecated."
            },
            "type": "library",
            "extra": {
                "branch-alias": {
                    "dev-master": "3.9-dev"
                }
            },
            "autoload": {
                "psr-0": {
                    "Guzzle": "src/",
                    "Guzzle\\Tests": "tests/"
                }
            },
            "notification-url": "https://packagist.org/downloads/",
            "license": [
                "MIT"
            ],
            "authors": [
                {
                    "name": "Michael Dowling",
                    "email": "mtdowling@gmail.com",
                    "homepage": "https://github.com/mtdowling"
                },
                {
                    "name": "Guzzle Community",
                    "homepage": "https://github.com/guzzle/guzzle/contributors"
                }
            ],
            "description": "PHP HTTP client. This library is deprecated in favor of https://packagist.org/packages/guzzlehttp/guzzle",
            "homepage": "http://guzzlephp.org/",
            "keywords": [
                "client",
                "curl",
                "framework",
                "http",
                "http client",
                "rest",
                "web service"
            ],
            "time": "2015-03-18 18:23:50"
        },
        {
            "name": "monolog/monolog",
            "version": "1.11.0",
            "source": {
                "type": "git",
                "url": "https://github.com/Seldaek/monolog.git",
                "reference": "ec3961874c43840e96da3a8a1ed20d8c73d7e5aa"
            },
            "dist": {
                "type": "zip",
                "url": "https://api.github.com/repos/Seldaek/monolog/zipball/ec3961874c43840e96da3a8a1ed20d8c73d7e5aa",
                "reference": "ec3961874c43840e96da3a8a1ed20d8c73d7e5aa",
                "shasum": ""
            },
            "require": {
                "php": ">=5.3.0",
                "psr/log": "~1.0"
            },
            "provide": {
                "psr/log-implementation": "1.0.0"
            },
            "require-dev": {
                "aws/aws-sdk-php": "~2.4, >2.4.8",
                "doctrine/couchdb": "~1.0@dev",
                "graylog2/gelf-php": "~1.0",
                "phpunit/phpunit": "~3.7.0",
                "raven/raven": "~0.5",
                "ruflin/elastica": "0.90.*",
                "videlalvaro/php-amqplib": "~2.4"
            },
            "suggest": {
                "aws/aws-sdk-php": "Allow sending log messages to AWS services like DynamoDB",
                "doctrine/couchdb": "Allow sending log messages to a CouchDB server",
                "ext-amqp": "Allow sending log messages to an AMQP server (1.0+ required)",
                "ext-mongo": "Allow sending log messages to a MongoDB server",
                "graylog2/gelf-php": "Allow sending log messages to a GrayLog2 server",
                "raven/raven": "Allow sending log messages to a Sentry server",
                "rollbar/rollbar": "Allow sending log messages to Rollbar",
                "ruflin/elastica": "Allow sending log messages to an Elastic Search server",
                "videlalvaro/php-amqplib": "Allow sending log messages to an AMQP server using php-amqplib"
            },
            "type": "library",
            "extra": {
                "branch-alias": {
                    "dev-master": "1.11.x-dev"
                }
            },
            "autoload": {
                "psr-4": {
                    "Monolog\\": "src/Monolog"
                }
            },
            "notification-url": "https://packagist.org/downloads/",
            "license": [
                "MIT"
            ],
            "authors": [
                {
                    "name": "Jordi Boggiano",
                    "email": "j.boggiano@seld.be",
                    "homepage": "http://seld.be"
                }
            ],
            "description": "Sends your logs to files, sockets, inboxes, databases and various web services",
            "homepage": "http://github.com/Seldaek/monolog",
            "keywords": [
                "log",
                "logging",
                "psr-3"
            ],
            "time": "2014-09-30 13:30:58"
        },
        {
            "name": "oldsound/rabbitmq-bundle",
            "version": "dev-master",
            "source": {
                "type": "git",
                "url": "https://github.com/videlalvaro/RabbitMqBundle.git",
                "reference": "a71652cec6f688dddf884169d0d15fc2322cf334"
            },
            "dist": {
                "type": "zip",
                "url": "https://api.github.com/repos/videlalvaro/RabbitMqBundle/zipball/a71652cec6f688dddf884169d0d15fc2322cf334",
                "reference": "a71652cec6f688dddf884169d0d15fc2322cf334",
                "shasum": ""
            },
            "require": {
                "php": ">=5.3.0",
                "symfony/config": "~2.3",
                "symfony/console": "~2.3",
                "symfony/dependency-injection": "~2.3",
                "symfony/event-dispatcher": "~2.3",
                "symfony/yaml": "~2.3",
                "videlalvaro/php-amqplib": "~2.5.0"
            },
            "require-dev": {
                "phpunit/phpunit": ">=3.7.0",
                "symfony/debug": "~2.3",
                "symfony/serializer": "~2.3"
            },
            "suggest": {
                "symfony/framework-bundle": "To use this lib as a full Symfony Bundle and to use the profiler data collector"
            },
            "type": "symfony-bundle",
            "extra": {
                "branch-alias": {
                    "dev-master": "1.6.x-dev"
                }
            },
            "autoload": {
                "psr-4": {
                    "OldSound\\RabbitMqBundle\\": ""
                }
            },
            "notification-url": "https://packagist.org/downloads/",
            "license": [
                "MIT"
            ],
            "authors": [
                {
                    "name": "Alvaro Videla"
                }
            ],
            "description": "Integrates php-amqplib with Symfony2 and RabbitMq",
            "keywords": [
                "AMQP",
                "Symfony2",
                "message",
                "queue",
                "rabbitmq"
            ],
            "time": "2015-06-08 09:26:24"
        },
        {
            "name": "psr/log",
            "version": "1.0.0",
            "source": {
                "type": "git",
                "url": "https://github.com/php-fig/log.git",
                "reference": "fe0936ee26643249e916849d48e3a51d5f5e278b"
            },
            "dist": {
                "type": "zip",
                "url": "https://api.github.com/repos/php-fig/log/zipball/fe0936ee26643249e916849d48e3a51d5f5e278b",
                "reference": "fe0936ee26643249e916849d48e3a51d5f5e278b",
                "shasum": ""
            },
            "type": "library",
            "autoload": {
                "psr-0": {
                    "Psr\\Log\\": ""
                }
            },
            "notification-url": "https://packagist.org/downloads/",
            "license": [
                "MIT"
            ],
            "authors": [
                {
                    "name": "PHP-FIG",
                    "homepage": "http://www.php-fig.org/"
                }
            ],
            "description": "Common interface for logging libraries",
            "keywords": [
                "log",
                "psr",
                "psr-3"
            ],
            "time": "2012-12-21 11:40:51"
        },
        {
            "name": "symfony/config",
            "version": "v2.7.1",
            "source": {
                "type": "git",
                "url": "https://github.com/symfony/Config.git",
                "reference": "58ded81f1f582a87c528ef3dae9a859f78b5f374"
            },
            "dist": {
                "type": "zip",
                "url": "https://api.github.com/repos/symfony/Config/zipball/58ded81f1f582a87c528ef3dae9a859f78b5f374",
                "reference": "58ded81f1f582a87c528ef3dae9a859f78b5f374",
                "shasum": ""
            },
            "require": {
                "php": ">=5.3.9",
                "symfony/filesystem": "~2.3"
            },
            "require-dev": {
                "symfony/phpunit-bridge": "~2.7"
            },
            "type": "library",
            "extra": {
                "branch-alias": {
                    "dev-master": "2.7-dev"
                }
            },
            "autoload": {
                "psr-4": {
                    "Symfony\\Component\\Config\\": ""
                }
            },
            "notification-url": "https://packagist.org/downloads/",
            "license": [
                "MIT"
            ],
            "authors": [
                {
                    "name": "Fabien Potencier",
                    "email": "fabien@symfony.com"
                },
                {
                    "name": "Symfony Community",
                    "homepage": "https://symfony.com/contributors"
                }
            ],
            "description": "Symfony Config Component",
            "homepage": "https://symfony.com",
            "time": "2015-06-11 14:06:56"
        },
        {
            "name": "symfony/console",
            "version": "v2.7.1",
            "source": {
                "type": "git",
                "url": "https://github.com/symfony/Console.git",
                "reference": "564398bc1f33faf92fc2ec86859983d30eb81806"
            },
            "dist": {
                "type": "zip",
                "url": "https://api.github.com/repos/symfony/Console/zipball/564398bc1f33faf92fc2ec86859983d30eb81806",
                "reference": "564398bc1f33faf92fc2ec86859983d30eb81806",
                "shasum": ""
            },
            "require": {
                "php": ">=5.3.9"
            },
            "require-dev": {
                "psr/log": "~1.0",
                "symfony/event-dispatcher": "~2.1",
                "symfony/phpunit-bridge": "~2.7",
                "symfony/process": "~2.1"
            },
            "suggest": {
                "psr/log": "For using the console logger",
                "symfony/event-dispatcher": "",
                "symfony/process": ""
            },
            "type": "library",
            "extra": {
                "branch-alias": {
                    "dev-master": "2.7-dev"
                }
            },
            "autoload": {
                "psr-4": {
                    "Symfony\\Component\\Console\\": ""
                }
            },
            "notification-url": "https://packagist.org/downloads/",
            "license": [
                "MIT"
            ],
            "authors": [
                {
                    "name": "Fabien Potencier",
                    "email": "fabien@symfony.com"
                },
                {
                    "name": "Symfony Community",
                    "homepage": "https://symfony.com/contributors"
                }
            ],
            "description": "Symfony Console Component",
            "homepage": "https://symfony.com",
            "time": "2015-06-10 15:30:22"
        },
        {
            "name": "symfony/debug",
            "version": "v2.7.1",
            "source": {
                "type": "git",
                "url": "https://github.com/symfony/Debug.git",
                "reference": "075070230c5bbc65abde8241191655bbce0716e2"
            },
            "dist": {
                "type": "zip",
                "url": "https://api.github.com/repos/symfony/Debug/zipball/075070230c5bbc65abde8241191655bbce0716e2",
                "reference": "075070230c5bbc65abde8241191655bbce0716e2",
                "shasum": ""
            },
            "require": {
                "php": ">=5.3.9",
                "psr/log": "~1.0"
            },
            "conflict": {
                "symfony/http-kernel": ">=2.3,<2.3.24|~2.4.0|>=2.5,<2.5.9|>=2.6,<2.6.2"
            },
            "require-dev": {
                "symfony/class-loader": "~2.2",
                "symfony/http-foundation": "~2.1",
                "symfony/http-kernel": "~2.3.24|~2.5.9|~2.6,>=2.6.2",
                "symfony/phpunit-bridge": "~2.7"
            },
            "suggest": {
                "symfony/http-foundation": "",
                "symfony/http-kernel": ""
            },
            "type": "library",
            "extra": {
                "branch-alias": {
                    "dev-master": "2.7-dev"
                }
            },
            "autoload": {
                "psr-4": {
                    "Symfony\\Component\\Debug\\": ""
                }
            },
            "notification-url": "https://packagist.org/downloads/",
            "license": [
                "MIT"
            ],
            "authors": [
                {
                    "name": "Fabien Potencier",
                    "email": "fabien@symfony.com"
                },
                {
                    "name": "Symfony Community",
                    "homepage": "https://symfony.com/contributors"
                }
            ],
            "description": "Symfony Debug Component",
            "homepage": "https://symfony.com",
            "time": "2015-06-08 09:37:21"
        },
        {
            "name": "symfony/dependency-injection",
            "version": "v2.7.1",
            "source": {
                "type": "git",
                "url": "https://github.com/symfony/DependencyInjection.git",
                "reference": "1a409e52a38ec891de0a7a61a191d1c62080b69d"
            },
            "dist": {
                "type": "zip",
                "url": "https://api.github.com/repos/symfony/DependencyInjection/zipball/1a409e52a38ec891de0a7a61a191d1c62080b69d",
                "reference": "1a409e52a38ec891de0a7a61a191d1c62080b69d",
                "shasum": ""
            },
            "require": {
                "php": ">=5.3.9"
            },
            "conflict": {
                "symfony/expression-language": "<2.6"
            },
            "require-dev": {
                "symfony/config": "~2.2",
                "symfony/expression-language": "~2.6",
                "symfony/phpunit-bridge": "~2.7",
                "symfony/yaml": "~2.1"
            },
            "suggest": {
                "symfony/config": "",
                "symfony/proxy-manager-bridge": "Generate service proxies to lazy load them",
                "symfony/yaml": ""
            },
            "type": "library",
            "extra": {
                "branch-alias": {
                    "dev-master": "2.7-dev"
                }
            },
            "autoload": {
                "psr-4": {
                    "Symfony\\Component\\DependencyInjection\\": ""
                }
            },
            "notification-url": "https://packagist.org/downloads/",
            "license": [
                "MIT"
            ],
            "authors": [
                {
                    "name": "Fabien Potencier",
                    "email": "fabien@symfony.com"
                },
                {
                    "name": "Symfony Community",
                    "homepage": "https://symfony.com/contributors"
                }
            ],
            "description": "Symfony DependencyInjection Component",
            "homepage": "https://symfony.com",
            "time": "2015-06-11 19:13:11"
        },
        {
            "name": "symfony/event-dispatcher",
            "version": "v2.7.1",
            "source": {
                "type": "git",
                "url": "https://github.com/symfony/EventDispatcher.git",
                "reference": "be3c5ff8d503c46768aeb78ce6333051aa6f26d9"
            },
            "dist": {
                "type": "zip",
                "url": "https://api.github.com/repos/symfony/EventDispatcher/zipball/be3c5ff8d503c46768aeb78ce6333051aa6f26d9",
                "reference": "be3c5ff8d503c46768aeb78ce6333051aa6f26d9",
                "shasum": ""
            },
            "require": {
                "php": ">=5.3.9"
            },
            "require-dev": {
                "psr/log": "~1.0",
                "symfony/config": "~2.0,>=2.0.5",
                "symfony/dependency-injection": "~2.6",
                "symfony/expression-language": "~2.6",
                "symfony/phpunit-bridge": "~2.7",
                "symfony/stopwatch": "~2.3"
            },
            "suggest": {
                "symfony/dependency-injection": "",
                "symfony/http-kernel": ""
            },
            "type": "library",
            "extra": {
                "branch-alias": {
                    "dev-master": "2.7-dev"
                }
            },
            "autoload": {
                "psr-4": {
                    "Symfony\\Component\\EventDispatcher\\": ""
                }
            },
            "notification-url": "https://packagist.org/downloads/",
            "license": [
                "MIT"
            ],
            "authors": [
                {
                    "name": "Fabien Potencier",
                    "email": "fabien@symfony.com"
                },
                {
                    "name": "Symfony Community",
                    "homepage": "https://symfony.com/contributors"
                }
            ],
            "description": "Symfony EventDispatcher Component",
            "homepage": "https://symfony.com",
            "time": "2015-06-08 09:37:21"
        },
        {
            "name": "symfony/filesystem",
            "version": "v2.7.1",
            "source": {
                "type": "git",
                "url": "https://github.com/symfony/Filesystem.git",
                "reference": "a0d43eb3e17d4f4c6990289805a488a0482a07f3"
            },
            "dist": {
                "type": "zip",
                "url": "https://api.github.com/repos/symfony/Filesystem/zipball/a0d43eb3e17d4f4c6990289805a488a0482a07f3",
                "reference": "a0d43eb3e17d4f4c6990289805a488a0482a07f3",
                "shasum": ""
            },
            "require": {
                "php": ">=5.3.9"
            },
            "require-dev": {
                "symfony/phpunit-bridge": "~2.7"
            },
            "type": "library",
            "extra": {
                "branch-alias": {
                    "dev-master": "2.7-dev"
                }
            },
            "autoload": {
                "psr-4": {
                    "Symfony\\Component\\Filesystem\\": ""
                }
            },
            "notification-url": "https://packagist.org/downloads/",
            "license": [
                "MIT"
            ],
            "authors": [
                {
                    "name": "Fabien Potencier",
                    "email": "fabien@symfony.com"
                },
                {
                    "name": "Symfony Community",
                    "homepage": "https://symfony.com/contributors"
                }
            ],
            "description": "Symfony Filesystem Component",
            "homepage": "https://symfony.com",
            "time": "2015-06-08 09:37:21"
        },
        {
            "name": "symfony/yaml",
            "version": "v2.7.1",
            "source": {
                "type": "git",
                "url": "https://github.com/symfony/Yaml.git",
                "reference": "9808e75c609a14f6db02f70fccf4ca4aab53c160"
            },
            "dist": {
                "type": "zip",
                "url": "https://api.github.com/repos/symfony/Yaml/zipball/9808e75c609a14f6db02f70fccf4ca4aab53c160",
                "reference": "9808e75c609a14f6db02f70fccf4ca4aab53c160",
                "shasum": ""
            },
            "require": {
                "php": ">=5.3.9"
            },
            "require-dev": {
                "symfony/phpunit-bridge": "~2.7"
            },
            "type": "library",
            "extra": {
                "branch-alias": {
                    "dev-master": "2.7-dev"
                }
            },
            "autoload": {
                "psr-4": {
                    "Symfony\\Component\\Yaml\\": ""
                }
            },
            "notification-url": "https://packagist.org/downloads/",
            "license": [
                "MIT"
            ],
            "authors": [
                {
                    "name": "Fabien Potencier",
                    "email": "fabien@symfony.com"
                },
                {
                    "name": "Symfony Community",
                    "homepage": "https://symfony.com/contributors"
                }
            ],
            "description": "Symfony Yaml Component",
            "homepage": "https://symfony.com",
            "time": "2015-06-10 15:30:22"
        },
        {
            "name": "videlalvaro/php-amqplib",
            "version": "v2.5.1",
            "source": {
                "type": "git",
                "url": "https://github.com/videlalvaro/php-amqplib.git",
                "reference": "3eb257444961f1ca7e6415c6e6f3c3e7a8e1d3fa"
            },
            "dist": {
                "type": "zip",
                "url": "https://api.github.com/repos/videlalvaro/php-amqplib/zipball/3eb257444961f1ca7e6415c6e6f3c3e7a8e1d3fa",
                "reference": "3eb257444961f1ca7e6415c6e6f3c3e7a8e1d3fa",
                "shasum": ""
            },
            "require": {
                "ext-bcmath": "*",
                "ext-mbstring": "*",
                "php": ">=5.3.0"
            },
            "require-dev": {
                "phpunit/phpunit": "3.7.*"
            },
            "suggest": {
                "ext-sockets": "Use AMQPSocketConnection"
            },
            "type": "library",
            "extra": {
                "branch-alias": {
                    "dev-master": "2.4-dev"
                }
            },
            "autoload": {
                "psr-0": {
                    "PhpAmqpLib": ""
                }
            },
            "notification-url": "https://packagist.org/downloads/",
            "license": [
                "LGPL-2.1"
            ],
            "authors": [
                {
                    "name": "Alvaro Videla"
                }
            ],
            "description": "This library is a pure PHP implementation of the AMQP protocol. It's been tested against RabbitMQ.",
            "homepage": "https://github.com/videlalvaro/php-amqplib/",
            "keywords": [
                "message",
                "queue",
                "rabbitmq"
            ],
            "time": "2015-06-16 08:18:39"
        }
    ],
    "packages-dev": [],
    "aliases": [],
    "minimum-stability": "stable",
    "stability-flags": {
        "oldsound/rabbitmq-bundle": 20
    },
    "prefer-stable": false,
    "prefer-lowest": false,
    "platform": {
        "php": ">=5.5.5"
    },
    "platform-dev": []
}
